
Microsoft Visual Studio Solution File, Format Version 12.00
# Visual Studio 14
VisualStudioVersion = 14.0.25420.1
MinimumVisualStudioVersion = 10.0.40219.1
Project("{2150E333-8FDC-42A3-9474-1A3956D46DE8}") = "src", "src", "{FEE92BB1-C087-4360-A792-E70F68DD3D9D}"
EndProject
Project("{2150E333-8FDC-42A3-9474-1A3956D46DE8}") = "Solution Items", "Solution Items", "{D09EEDC7-B4B0-404F-909E-756AC3D03FF6}"
	ProjectSection(SolutionItems) = preProject
		global.json = global.json
	EndProjectSection
EndProject
Project("{8BB2217D-0F2D-49D1-97BC-3654ED321F3B}") = "sky.test", "src\sky.test\sky.test.xproj", "{2DFDCBCE-E892-4608-8613-A0CE2B915B7E}"
EndProject
Global
	GlobalSection(SolutionConfigurationPlatforms) = preSolution
		Debug|Any CPU = Debug|Any CPU
		Release|Any CPU = Release|Any CPU
	EndGlobalSection
	GlobalSection(ProjectConfigurationPlatforms) = postSolution
		{2DFDCBCE-E892-4608-8613-A0CE2B915B7E}.Debug|Any CPU.ActiveCfg = Debug|Any CPU
		{2DFDCBCE-E892-4608-8613-A0CE2B915B7E}.Debug|Any CPU.Build.0 = Debug|Any CPU
		{2DFDCBCE-E892-4608-8613-A0CE2B915B7E}.Release|Any CPU.ActiveCfg = Release|Any CPU
		{2DFDCBCE-E892-4608-8613-A0CE2B915B7E}.Release|Any CPU.Build.0 = Release|Any CPU
	EndGlobalSection
	GlobalSection(SolutionProperties) = preSolution
		HideSolutionNode = FALSE
	EndGlobalSection
	GlobalSection(NestedProjects) = preSolution
		{2DFDCBCE-E892-4608-8613-A0CE2B915B7E} = {FEE92BB1-C087-4360-A792-E70F68DD3D9D}
	EndGlobalSection
EndGlobal
